
Microsoft Visual Studio Solution File, Format Version 12.00
# Visual Studio Version 17
VisualStudioVersion = 17.3.32929.385
MinimumVisualStudioVersion = 10.0.40219.1
Project("{FAE04EC0-301F-11D3-BF4B-00C04F79EFBC}") = "NetCoreExample", "NetCoreExample\NetCoreExample.csproj", "{4193EF1F-A304-4651-92D5-BCC3A1F42FC3}"
EndProject
Project("{FAE04EC0-301F-11D3-BF4B-00C04F79EFBC}") = "Domain", "Domain\Domain.csproj", "{71E89B17-D4EB-46C1-A839-928F142CDCDE}"
EndProject
Project("{FAE04EC0-301F-11D3-BF4B-00C04F79EFBC}") = "Infrastructure", "Infrastructure\Infrastructure.csproj", "{46FF42F8-2802-4600-804D-BEA048EF04A7}"
EndProject
Project("{FAE04EC0-301F-11D3-BF4B-00C04F79EFBC}") = "Service", "Service\Service.csproj", "{CABC1F74-7B2A-4751-8210-81B8BDA884F4}"
EndProject
Project("{FAE04EC0-301F-11D3-BF4B-00C04F79EFBC}") = "WebApp", "WebApp\WebApp.csproj", "{0291500F-76E4-40F9-8667-B887BA36B271}"
EndProject
Global
	GlobalSection(SolutionConfigurationPlatforms) = preSolution
		Debug|Any CPU = Debug|Any CPU
		Release|Any CPU = Release|Any CPU
	EndGlobalSection
	GlobalSection(ProjectConfigurationPlatforms) = postSolution
		{4193EF1F-A304-4651-92D5-BCC3A1F42FC3}.Debug|Any CPU.ActiveCfg = Debug|Any CPU
		{4193EF1F-A304-4651-92D5-BCC3A1F42FC3}.Debug|Any CPU.Build.0 = Debug|Any CPU
		{4193EF1F-A304-4651-92D5-BCC3A1F42FC3}.Release|Any CPU.ActiveCfg = Release|Any CPU
		{4193EF1F-A304-4651-92D5-BCC3A1F42FC3}.Release|Any CPU.Build.0 = Release|Any CPU
		{71E89B17-D4EB-46C1-A839-928F142CDCDE}.Debug|Any CPU.ActiveCfg = Debug|Any CPU
		{71E89B17-D4EB-46C1-A839-928F142CDCDE}.Debug|Any CPU.Build.0 = Debug|Any CPU
		{71E89B17-D4EB-46C1-A839-928F142CDCDE}.Release|Any CPU.ActiveCfg = Release|Any CPU
		{71E89B17-D4EB-46C1-A839-928F142CDCDE}.Release|Any CPU.Build.0 = Release|Any CPU
		{46FF42F8-2802-4600-804D-BEA048EF04A7}.Debug|Any CPU.ActiveCfg = Debug|Any CPU
		{46FF42F8-2802-4600-804D-BEA048EF04A7}.Debug|Any CPU.Build.0 = Debug|Any CPU
		{46FF42F8-2802-4600-804D-BEA048EF04A7}.Release|Any CPU.ActiveCfg = Release|Any CPU
		{46FF42F8-2802-4600-804D-BEA048EF04A7}.Release|Any CPU.Build.0 = Release|Any CPU
		{CABC1F74-7B2A-4751-8210-81B8BDA884F4}.Debug|Any CPU.ActiveCfg = Debug|Any CPU
		{CABC1F74-7B2A-4751-8210-81B8BDA884F4}.Debug|Any CPU.Build.0 = Debug|Any CPU
		{CABC1F74-7B2A-4751-8210-81B8BDA884F4}.Release|Any CPU.ActiveCfg = Release|Any CPU
		{CABC1F74-7B2A-4751-8210-81B8BDA884F4}.Release|Any CPU.Build.0 = Release|Any CPU
		{0291500F-76E4-40F9-8667-B887BA36B271}.Debug|Any CPU.ActiveCfg = Debug|Any CPU
		{0291500F-76E4-40F9-8667-B887BA36B271}.Debug|Any CPU.Build.0 = Debug|Any CPU
		{0291500F-76E4-40F9-8667-B887BA36B271}.Release|Any CPU.ActiveCfg = Release|Any CPU
		{0291500F-76E4-40F9-8667-B887BA36B271}.Release|Any CPU.Build.0 = Release|Any CPU
	EndGlobalSection
	GlobalSection(SolutionProperties) = preSolution
		HideSolutionNode = FALSE
	EndGlobalSection
	GlobalSection(ExtensibilityGlobals) = postSolution
		SolutionGuid = {CC9F98CE-2B2F-44FA-9138-661537D897D8}
	EndGlobalSection
EndGlobal
